
Microsoft Visual Studio Solution File, Format Version 12.00
# Visual Studio 15
VisualStudioVersion = 15.0.27703.2042
MinimumVisualStudioVersion = 10.0.40219.1
Project("{2150E333-8FDC-42A3-9474-1A3956D46DE8}") = "src", "src", "{3FB0132C-32C7-4E5E-9E8B-AD8DB7B94447}"
EndProject
Project("{2150E333-8FDC-42A3-9474-1A3956D46DE8}") = "test", "test", "{334752BC-5958-4402-B78A-BAD5DB126F00}"
EndProject
Project("{FAE04EC0-301F-11D3-BF4B-00C04F79EFBC}") = "MVN.DesignPatterns.Behavioral.Tests", "MVN.DesignPatterns.Behavioral.Tests\MVN.DesignPatterns.Behavioral.Tests.csproj", "{6F8A3AAB-6E72-4F6D-AA0F-2A74E152AE93}"
EndProject
Project("{FAE04EC0-301F-11D3-BF4B-00C04F79EFBC}") = "MVN.DesignPatterns.Creational.Tests", "MVN.DesignPatterns.Creational.Tests\MVN.DesignPatterns.Creational.Tests.csproj", "{7C85939E-1F74-4783-A504-021609F6D9EA}"
EndProject
Project("{FAE04EC0-301F-11D3-BF4B-00C04F79EFBC}") = "MVN.DesignPatterns.Structural.Tests", "MVN.DesignPatterns.Structural.Tests\MVN.DesignPatterns.Structural.Tests.csproj", "{FA979C9B-AA7C-411A-AA2F-BD3FD1FBB04E}"
EndProject
Project("{FAE04EC0-301F-11D3-BF4B-00C04F79EFBC}") = "MVN.DesignPatterns.Creational", "MVN.DesignPatterns.Creational\MVN.DesignPatterns.Creational.csproj", "{9D3BBF9D-921A-4ABC-977F-AF6C7B57F322}"
EndProject
Project("{FAE04EC0-301F-11D3-BF4B-00C04F79EFBC}") = "MVN.DesignPatterns.Structural", "MVN.DesignPatterns.Structural\MVN.DesignPatterns.Structural.csproj", "{B39CB633-698E-42B7-A136-BF259D6A5943}"
EndProject
Project("{FAE04EC0-301F-11D3-BF4B-00C04F79EFBC}") = "MVN.DesignPatterns.Behavioral", "MVN.DesignPatterns.Behavioral\MVN.DesignPatterns.Behavioral.csproj", "{E501C9F0-0CE4-4833-A616-DCC137B70FBF}"
EndProject
Global
	GlobalSection(SolutionConfigurationPlatforms) = preSolution
		Debug|Any CPU = Debug|Any CPU
		Release|Any CPU = Release|Any CPU
	EndGlobalSection
	GlobalSection(ProjectConfigurationPlatforms) = postSolution
		{6F8A3AAB-6E72-4F6D-AA0F-2A74E152AE93}.Debug|Any CPU.ActiveCfg = Debug|Any CPU
		{6F8A3AAB-6E72-4F6D-AA0F-2A74E152AE93}.Debug|Any CPU.Build.0 = Debug|Any CPU
		{6F8A3AAB-6E72-4F6D-AA0F-2A74E152AE93}.Release|Any CPU.ActiveCfg = Release|Any CPU
		{6F8A3AAB-6E72-4F6D-AA0F-2A74E152AE93}.Release|Any CPU.Build.0 = Release|Any CPU
		{7C85939E-1F74-4783-A504-021609F6D9EA}.Debug|Any CPU.ActiveCfg = Debug|Any CPU
		{7C85939E-1F74-4783-A504-021609F6D9EA}.Debug|Any CPU.Build.0 = Debug|Any CPU
		{7C85939E-1F74-4783-A504-021609F6D9EA}.Release|Any CPU.ActiveCfg = Release|Any CPU
		{7C85939E-1F74-4783-A504-021609F6D9EA}.Release|Any CPU.Build.0 = Release|Any CPU
		{FA979C9B-AA7C-411A-AA2F-BD3FD1FBB04E}.Debug|Any CPU.ActiveCfg = Debug|Any CPU
		{FA979C9B-AA7C-411A-AA2F-BD3FD1FBB04E}.Debug|Any CPU.Build.0 = Debug|Any CPU
		{FA979C9B-AA7C-411A-AA2F-BD3FD1FBB04E}.Release|Any CPU.ActiveCfg = Release|Any CPU
		{FA979C9B-AA7C-411A-AA2F-BD3FD1FBB04E}.Release|Any CPU.Build.0 = Release|Any CPU
		{9D3BBF9D-921A-4ABC-977F-AF6C7B57F322}.Debug|Any CPU.ActiveCfg = Debug|Any CPU
		{9D3BBF9D-921A-4ABC-977F-AF6C7B57F322}.Debug|Any CPU.Build.0 = Debug|Any CPU
		{9D3BBF9D-921A-4ABC-977F-AF6C7B57F322}.Release|Any CPU.ActiveCfg = Release|Any CPU
		{9D3BBF9D-921A-4ABC-977F-AF6C7B57F322}.Release|Any CPU.Build.0 = Release|Any CPU
		{B39CB633-698E-42B7-A136-BF259D6A5943}.Debug|Any CPU.ActiveCfg = Debug|Any CPU
		{B39CB633-698E-42B7-A136-BF259D6A5943}.Debug|Any CPU.Build.0 = Debug|Any CPU
		{B39CB633-698E-42B7-A136-BF259D6A5943}.Release|Any CPU.ActiveCfg = Release|Any CPU
		{B39CB633-698E-42B7-A136-BF259D6A5943}.Release|Any CPU.Build.0 = Release|Any CPU
		{E501C9F0-0CE4-4833-A616-DCC137B70FBF}.Debug|Any CPU.ActiveCfg = Debug|Any CPU
		{E501C9F0-0CE4-4833-A616-DCC137B70FBF}.Debug|Any CPU.Build.0 = Debug|Any CPU
		{E501C9F0-0CE4-4833-A616-DCC137B70FBF}.Release|Any CPU.ActiveCfg = Release|Any CPU
		{E501C9F0-0CE4-4833-A616-DCC137B70FBF}.Release|Any CPU.Build.0 = Release|Any CPU
	EndGlobalSection
	GlobalSection(SolutionProperties) = preSolution
		HideSolutionNode = FALSE
	EndGlobalSection
	GlobalSection(NestedProjects) = preSolution
		{6F8A3AAB-6E72-4F6D-AA0F-2A74E152AE93} = {334752BC-5958-4402-B78A-BAD5DB126F00}
		{7C85939E-1F74-4783-A504-021609F6D9EA} = {334752BC-5958-4402-B78A-BAD5DB126F00}
		{FA979C9B-AA7C-411A-AA2F-BD3FD1FBB04E} = {334752BC-5958-4402-B78A-BAD5DB126F00}
		{9D3BBF9D-921A-4ABC-977F-AF6C7B57F322} = {3FB0132C-32C7-4E5E-9E8B-AD8DB7B94447}
		{B39CB633-698E-42B7-A136-BF259D6A5943} = {3FB0132C-32C7-4E5E-9E8B-AD8DB7B94447}
		{E501C9F0-0CE4-4833-A616-DCC137B70FBF} = {3FB0132C-32C7-4E5E-9E8B-AD8DB7B94447}
	EndGlobalSection
	GlobalSection(ExtensibilityGlobals) = postSolution
		SolutionGuid = {5DD5C2D1-E72B-4285-BD4A-FB4E396E41C7}
	EndGlobalSection
EndGlobal
